
Microsoft Visual Studio Solution File, Format Version 12.00
# Visual Studio 14
VisualStudioVersion = 14.0.25420.1
MinimumVisualStudioVersion = 10.0.40219.1
Project("{FAE04EC0-301F-11D3-BF4B-00C04F79EFBC}") = "BitRaceServer", "BitRaceServer\BitRaceServer.csproj", "{415AF7F0-5DE6-4B91-A143-D70B61B53A82}"
EndProject
Project("{FAE04EC0-301F-11D3-BF4B-00C04F79EFBC}") = "BitRacePlayer", "BitRacePlayer\BitRacePlayer.csproj", "{36497D5F-873E-47FA-BC3A-41630256244E}"
EndProject
Project("{FAE04EC0-301F-11D3-BF4B-00C04F79EFBC}") = "BitRaceMaster", "BitRaceMaster\BitRaceMaster.csproj", "{FB726A25-245A-456E-9852-0391D66E00C7}"
EndProject
Project("{2150E333-8FDC-42A3-9474-1A3956D46DE8}") = "Solution Items", "Solution Items", "{B08F15DE-3FBD-4EE8-B5CB-7CFEFF73266B}"
	ProjectSection(SolutionItems) = preProject
		SQLDatabaseStructure.txt = SQLDatabaseStructure.txt
	EndProjectSection
EndProject
Project("{FAE04EC0-301F-11D3-BF4B-00C04F79EFBC}") = "MessengerClient", "MessengerClient\MessengerClient.csproj", "{4602F144-A66F-4846-94FE-3ECA8FDC7D4A}"
EndProject
Project("{FAE04EC0-301F-11D3-BF4B-00C04F79EFBC}") = "MessengerServer", "MessengerServer\MessengerServer.csproj", "{D839F8B3-6500-4558-879C-DC634E5D02AA}"
EndProject
Global
	GlobalSection(SolutionConfigurationPlatforms) = preSolution
		Debug|Any CPU = Debug|Any CPU
		Release|Any CPU = Release|Any CPU
	EndGlobalSection
	GlobalSection(ProjectConfigurationPlatforms) = postSolution
		{415AF7F0-5DE6-4B91-A143-D70B61B53A82}.Debug|Any CPU.ActiveCfg = Debug|Any CPU
		{415AF7F0-5DE6-4B91-A143-D70B61B53A82}.Debug|Any CPU.Build.0 = Debug|Any CPU
		{415AF7F0-5DE6-4B91-A143-D70B61B53A82}.Release|Any CPU.ActiveCfg = Release|Any CPU
		{415AF7F0-5DE6-4B91-A143-D70B61B53A82}.Release|Any CPU.Build.0 = Release|Any CPU
		{36497D5F-873E-47FA-BC3A-41630256244E}.Debug|Any CPU.ActiveCfg = Debug|Any CPU
		{36497D5F-873E-47FA-BC3A-41630256244E}.Debug|Any CPU.Build.0 = Debug|Any CPU
		{36497D5F-873E-47FA-BC3A-41630256244E}.Release|Any CPU.ActiveCfg = Release|Any CPU
		{36497D5F-873E-47FA-BC3A-41630256244E}.Release|Any CPU.Build.0 = Release|Any CPU
		{FB726A25-245A-456E-9852-0391D66E00C7}.Debug|Any CPU.ActiveCfg = Debug|Any CPU
		{FB726A25-245A-456E-9852-0391D66E00C7}.Debug|Any CPU.Build.0 = Debug|Any CPU
		{FB726A25-245A-456E-9852-0391D66E00C7}.Release|Any CPU.ActiveCfg = Release|Any CPU
		{FB726A25-245A-456E-9852-0391D66E00C7}.Release|Any CPU.Build.0 = Release|Any CPU
		{4602F144-A66F-4846-94FE-3ECA8FDC7D4A}.Debug|Any CPU.ActiveCfg = Debug|Any CPU
		{4602F144-A66F-4846-94FE-3ECA8FDC7D4A}.Debug|Any CPU.Build.0 = Debug|Any CPU
		{4602F144-A66F-4846-94FE-3ECA8FDC7D4A}.Release|Any CPU.ActiveCfg = Release|Any CPU
		{4602F144-A66F-4846-94FE-3ECA8FDC7D4A}.Release|Any CPU.Build.0 = Release|Any CPU
		{D839F8B3-6500-4558-879C-DC634E5D02AA}.Debug|Any CPU.ActiveCfg = Debug|Any CPU
		{D839F8B3-6500-4558-879C-DC634E5D02AA}.Debug|Any CPU.Build.0 = Debug|Any CPU
		{D839F8B3-6500-4558-879C-DC634E5D02AA}.Release|Any CPU.ActiveCfg = Release|Any CPU
		{D839F8B3-6500-4558-879C-DC634E5D02AA}.Release|Any CPU.Build.0 = Release|Any CPU
	EndGlobalSection
	GlobalSection(SolutionProperties) = preSolution
		HideSolutionNode = FALSE
	EndGlobalSection
EndGlobal
